lockfileVersion: 5.3

specifiers:
  '@types/co': ^4.6.3
  '@types/lodash.isequal': ^4.5.6
  '@types/node': ^17.0.32
  '@types/react': ^18.0.9
  co: ^4.6.0
  lodash.isequal: ^4.5.0
  react: ^18.1.0

dependencies:
  co: 4.6.0
  lodash.isequal: 4.5.0
  react: 18.1.0

devDependencies:
  '@types/co': 4.6.3
  '@types/lodash.isequal': 4.5.6
  '@types/node': 17.0.33
  '@types/react': 18.0.9

packages:

  /@types/co/4.6.3:
    resolution: {integrity: sha512-TSxkviYnYwXOJU5tWK1AheIKcyTbkfy4DAvOWYyjod2R6VS3S4rwS4NbQPlf//gLyqccMAZPWLVf7MkHntX1YQ==}
    dev: true

  /@types/lodash.isequal/4.5.6:
    resolution: {integrity: sha512-Ww4UGSe3DmtvLLJm2F16hDwEQSv7U0Rr8SujLUA2wHI2D2dm8kPu6Et+/y303LfjTIwSBKXB/YTUcAKpem/XEg==}
    dependencies:
      '@types/lodash': 4.14.182
    dev: true

  /@types/lodash/4.14.182:
    resolution: {integrity: sha512-/THyiqyQAP9AfARo4pF+aCGcyiQ94tX/Is2I7HofNRqoYLgN1PBoOWu2/zTA5zMxzP5EFutMtWtGAFRKUe961Q==}
    dev: true

  /@types/node/17.0.33:
    resolution: {integrity: sha512-miWq2m2FiQZmaHfdZNcbpp9PuXg34W5JZ5CrJ/BaS70VuhoJENBEQybeiYSaPBRNq6KQGnjfEnc/F3PN++D+XQ==}
    dev: true

  /@types/prop-types/15.7.5:
    resolution: {integrity: sha512-JCB8C6SnDoQf0cNycqd/35A7MjcnK+ZTqE7judS6o7utxUCg6imJg3QK2qzHKszlTjcj2cn+NwMB2i96ubpj7w==}
    dev: true

  /@types/react/18.0.9:
    resolution: {integrity: sha512-9bjbg1hJHUm4De19L1cHiW0Jvx3geel6Qczhjd0qY5VKVE2X5+x77YxAepuCwVh4vrgZJdgEJw48zrhRIeF4Nw==}
    dependencies:
      '@types/prop-types': 15.7.5
      '@types/scheduler': 0.16.2
      csstype: 3.0.11
    dev: true

  /@types/scheduler/0.16.2:
    resolution: {integrity: sha512-hppQEBDmlwhFAXKJX2KnWLYu5yMfi91yazPb2l+lbJiwW+wdo1gNeRA+3RgNSO39WYX2euey41KEwnqesU2Jew==}
    dev: true

  /co/4.6.0:
    resolution: {integrity: sha1-bqa989hTrlTMuOR7+gvz+QMfsYQ=}
    engines: {iojs: '>= 1.0.0', node: '>= 0.12.0'}
    dev: false

  /csstype/3.0.11:
    resolution: {integrity: sha512-sa6P2wJ+CAbgyy4KFssIb/JNMLxFvKF1pCYCSXS8ZMuqZnMsrxqI2E5sPyoTpxoPU/gVZMzr2zjOfg8GIZOMsw==}
    dev: true

  /js-tokens/4.0.0:
    resolution: {integrity: sha512-RdJUflcE3cUzKiMqQgsCu06FPu9UdIJO0beYbPhHN4k6apgJtifcoCtT9bcxOpYBtpD2kCM6Sbzg4CausW/PKQ==}
    dev: false

  /lodash.isequal/4.5.0:
    resolution: {integrity: sha1-QVxEePK8wwEgwizhDtMib30+GOA=}
    dev: false

  /loose-envify/1.4.0:
    resolution: {integrity: sha512-lyuxPGr/Wfhrlem2CL/UcnUc1zcqKAImBDzukY7Y5F/yQiNdko6+fRLevlw1HgMySw7f611UIY408EtxRSoK3Q==}
    hasBin: true
    dependencies:
      js-tokens: 4.0.0
    dev: false

  /react/18.1.0:
    resolution: {integrity: sha512-4oL8ivCz5ZEPyclFQXaNksK3adutVS8l2xzZU0cqEFrE9Sb7fC0EFK5uEk74wIreL1DERyjvsU915j1pcT2uEQ==}
    engines: {node: '>=0.10.0'}
    dependencies:
      loose-envify: 1.4.0
    dev: false
